
Microsoft Visual Studio Solution File, Format Version 12.00
# Visual Studio 15
VisualStudioVersion = 15.0.28307.421
MinimumVisualStudioVersion = 10.0.40219.1
Project("{FAE04EC0-301F-11D3-BF4B-00C04F79EFBC}") = "MyDeskTopApp", "MyDeskTopApp\MyDeskTopApp.csproj", "{F498CF41-C105-4002-A9A9-83977A23E54B}"
EndProject
Global
	GlobalSection(SolutionConfigurationPlatforms) = preSolution
		Debug|Any CPU = Debug|Any CPU
		Release|Any CPU = Release|Any CPU
	EndGlobalSection
	GlobalSection(ProjectConfigurationPlatforms) = postSolution
		{F498CF41-C105-4002-A9A9-83977A23E54B}.Debug|Any CPU.ActiveCfg = Debug|Any CPU
		{F498CF41-C105-4002-A9A9-83977A23E54B}.Debug|Any CPU.Build.0 = Debug|Any CPU
		{F498CF41-C105-4002-A9A9-83977A23E54B}.Release|Any CPU.ActiveCfg = Release|Any CPU
		{F498CF41-C105-4002-A9A9-83977A23E54B}.Release|Any CPU.Build.0 = Release|Any CPU
	EndGlobalSection
	GlobalSection(SolutionProperties) = preSolution
		HideSolutionNode = FALSE
	EndGlobalSection
	GlobalSection(ExtensibilityGlobals) = postSolution
		SolutionGuid = {12455555-5853-4982-B9F7-A250EA582E40}
	EndGlobalSection
EndGlobal
