
Microsoft Visual Studio Solution File, Format Version 12.00
# Visual Studio 15
VisualStudioVersion = 15.0.28307.421
MinimumVisualStudioVersion = 10.0.40219.1
Project("{FAE04EC0-301F-11D3-BF4B-00C04F79EFBC}") = "Question2", "Question2\Question2.csproj", "{11CF0FE9-4B8C-41A9-B2D3-A21FAA483294}"
EndProject
Global
	GlobalSection(SolutionConfigurationPlatforms) = preSolution
		Debug|Any CPU = Debug|Any CPU
		Release|Any CPU = Release|Any CPU
	EndGlobalSection
	GlobalSection(ProjectConfigurationPlatforms) = postSolution
		{11CF0FE9-4B8C-41A9-B2D3-A21FAA483294}.Debug|Any CPU.ActiveCfg = Debug|Any CPU
		{11CF0FE9-4B8C-41A9-B2D3-A21FAA483294}.Debug|Any CPU.Build.0 = Debug|Any CPU
		{11CF0FE9-4B8C-41A9-B2D3-A21FAA483294}.Release|Any CPU.ActiveCfg = Release|Any CPU
		{11CF0FE9-4B8C-41A9-B2D3-A21FAA483294}.Release|Any CPU.Build.0 = Release|Any CPU
	EndGlobalSection
	GlobalSection(SolutionProperties) = preSolution
		HideSolutionNode = FALSE
	EndGlobalSection
	GlobalSection(ExtensibilityGlobals) = postSolution
		SolutionGuid = {5CE01EC6-346E-46E9-95C6-2B768F09998C}
	EndGlobalSection
EndGlobal
