
Microsoft Visual Studio Solution File, Format Version 12.00
# Visual Studio 15
VisualStudioVersion = 15.0.28307.421
MinimumVisualStudioVersion = 10.0.40219.1
Project("{FAE04EC0-301F-11D3-BF4B-00C04F79EFBC}") = "testingDemo", "testingDemo\testingDemo.csproj", "{09DE8C6D-777B-48D6-B823-449C04D80FB0}"
EndProject
Project("{FAE04EC0-301F-11D3-BF4B-00C04F79EFBC}") = "testingDemoTests", "testingDemoTests\testingDemoTests.csproj", "{5DBB7370-CBD3-4287-B265-672812361B55}"
EndProject
Global
	GlobalSection(SolutionConfigurationPlatforms) = preSolution
		Debug|Any CPU = Debug|Any CPU
		Release|Any CPU = Release|Any CPU
	EndGlobalSection
	GlobalSection(ProjectConfigurationPlatforms) = postSolution
		{09DE8C6D-777B-48D6-B823-449C04D80FB0}.Debug|Any CPU.ActiveCfg = Debug|Any CPU
		{09DE8C6D-777B-48D6-B823-449C04D80FB0}.Debug|Any CPU.Build.0 = Debug|Any CPU
		{09DE8C6D-777B-48D6-B823-449C04D80FB0}.Release|Any CPU.ActiveCfg = Release|Any CPU
		{09DE8C6D-777B-48D6-B823-449C04D80FB0}.Release|Any CPU.Build.0 = Release|Any CPU
		{5DBB7370-CBD3-4287-B265-672812361B55}.Debug|Any CPU.ActiveCfg = Debug|Any CPU
		{5DBB7370-CBD3-4287-B265-672812361B55}.Debug|Any CPU.Build.0 = Debug|Any CPU
		{5DBB7370-CBD3-4287-B265-672812361B55}.Release|Any CPU.ActiveCfg = Release|Any CPU
		{5DBB7370-CBD3-4287-B265-672812361B55}.Release|Any CPU.Build.0 = Release|Any CPU
	EndGlobalSection
	GlobalSection(SolutionProperties) = preSolution
		HideSolutionNode = FALSE
	EndGlobalSection
	GlobalSection(ExtensibilityGlobals) = postSolution
		SolutionGuid = {B98B4AC1-A04A-47DF-B4A1-0295E536AE45}
	EndGlobalSection
EndGlobal
