
Microsoft Visual Studio Solution File, Format Version 12.00
# Visual Studio 15
VisualStudioVersion = 15.0.28307.421
MinimumVisualStudioVersion = 10.0.40219.1
Project("{FAE04EC0-301F-11D3-BF4B-00C04F79EFBC}") = "TicketRequirement1", "TicketRequirement1\TicketRequirement1.csproj", "{9DEB7592-CD3D-483E-8339-ADD78FAE522C}"
EndProject
Project("{FAE04EC0-301F-11D3-BF4B-00C04F79EFBC}") = "ShopRequirement1", "ShopRequirement1\ShopRequirement1.csproj", "{94FF05FD-B056-4555-B3DC-28326F24702E}"
EndProject
Global
	GlobalSection(SolutionConfigurationPlatforms) = preSolution
		Debug|Any CPU = Debug|Any CPU
		Release|Any CPU = Release|Any CPU
	EndGlobalSection
	GlobalSection(ProjectConfigurationPlatforms) = postSolution
		{9DEB7592-CD3D-483E-8339-ADD78FAE522C}.Debug|Any CPU.ActiveCfg = Debug|Any CPU
		{9DEB7592-CD3D-483E-8339-ADD78FAE522C}.Debug|Any CPU.Build.0 = Debug|Any CPU
		{9DEB7592-CD3D-483E-8339-ADD78FAE522C}.Release|Any CPU.ActiveCfg = Release|Any CPU
		{9DEB7592-CD3D-483E-8339-ADD78FAE522C}.Release|Any CPU.Build.0 = Release|Any CPU
		{94FF05FD-B056-4555-B3DC-28326F24702E}.Debug|Any CPU.ActiveCfg = Debug|Any CPU
		{94FF05FD-B056-4555-B3DC-28326F24702E}.Debug|Any CPU.Build.0 = Debug|Any CPU
		{94FF05FD-B056-4555-B3DC-28326F24702E}.Release|Any CPU.ActiveCfg = Release|Any CPU
		{94FF05FD-B056-4555-B3DC-28326F24702E}.Release|Any CPU.Build.0 = Release|Any CPU
	EndGlobalSection
	GlobalSection(SolutionProperties) = preSolution
		HideSolutionNode = FALSE
	EndGlobalSection
	GlobalSection(ExtensibilityGlobals) = postSolution
		SolutionGuid = {0F981225-CF02-470D-9EE7-2894BC8BBA12}
	EndGlobalSection
EndGlobal
