
Microsoft Visual Studio Solution File, Format Version 12.00
# Visual Studio 15
VisualStudioVersion = 15.0.28307.421
MinimumVisualStudioVersion = 10.0.40219.1
Project("{FAE04EC0-301F-11D3-BF4B-00C04F79EFBC}") = "ConsoleApp5", "ConsoleApp5\ConsoleApp5.csproj", "{C3B44A5D-94A6-439A-AA5F-8175E061EFCC}"
EndProject
Project("{FAE04EC0-301F-11D3-BF4B-00C04F79EFBC}") = "ConsoleApp1", "ConsoleApp1\ConsoleApp1.csproj", "{71FCDC64-52D7-49D7-9CA4-148779FB5F8C}"
EndProject
Project("{FAE04EC0-301F-11D3-BF4B-00C04F79EFBC}") = "ConsoleApp2", "ConsoleApp2\ConsoleApp2.csproj", "{B2A59294-150B-4FCA-ACA4-A624621C050B}"
EndProject
Project("{FAE04EC0-301F-11D3-BF4B-00C04F79EFBC}") = "ConsoleApp3", "ConsoleApp3\ConsoleApp3.csproj", "{78F43EEA-6781-4FEE-B8DA-6D70970815A0}"
EndProject
Global
	GlobalSection(SolutionConfigurationPlatforms) = preSolution
		Debug|Any CPU = Debug|Any CPU
		Release|Any CPU = Release|Any CPU
	EndGlobalSection
	GlobalSection(ProjectConfigurationPlatforms) = postSolution
		{C3B44A5D-94A6-439A-AA5F-8175E061EFCC}.Debug|Any CPU.ActiveCfg = Debug|Any CPU
		{C3B44A5D-94A6-439A-AA5F-8175E061EFCC}.Debug|Any CPU.Build.0 = Debug|Any CPU
		{C3B44A5D-94A6-439A-AA5F-8175E061EFCC}.Release|Any CPU.ActiveCfg = Release|Any CPU
		{C3B44A5D-94A6-439A-AA5F-8175E061EFCC}.Release|Any CPU.Build.0 = Release|Any CPU
		{71FCDC64-52D7-49D7-9CA4-148779FB5F8C}.Debug|Any CPU.ActiveCfg = Debug|Any CPU
		{71FCDC64-52D7-49D7-9CA4-148779FB5F8C}.Debug|Any CPU.Build.0 = Debug|Any CPU
		{71FCDC64-52D7-49D7-9CA4-148779FB5F8C}.Release|Any CPU.ActiveCfg = Release|Any CPU
		{71FCDC64-52D7-49D7-9CA4-148779FB5F8C}.Release|Any CPU.Build.0 = Release|Any CPU
		{B2A59294-150B-4FCA-ACA4-A624621C050B}.Debug|Any CPU.ActiveCfg = Debug|Any CPU
		{B2A59294-150B-4FCA-ACA4-A624621C050B}.Debug|Any CPU.Build.0 = Debug|Any CPU
		{B2A59294-150B-4FCA-ACA4-A624621C050B}.Release|Any CPU.ActiveCfg = Release|Any CPU
		{B2A59294-150B-4FCA-ACA4-A624621C050B}.Release|Any CPU.Build.0 = Release|Any CPU
		{78F43EEA-6781-4FEE-B8DA-6D70970815A0}.Debug|Any CPU.ActiveCfg = Debug|Any CPU
		{78F43EEA-6781-4FEE-B8DA-6D70970815A0}.Debug|Any CPU.Build.0 = Debug|Any CPU
		{78F43EEA-6781-4FEE-B8DA-6D70970815A0}.Release|Any CPU.ActiveCfg = Release|Any CPU
		{78F43EEA-6781-4FEE-B8DA-6D70970815A0}.Release|Any CPU.Build.0 = Release|Any CPU
	EndGlobalSection
	GlobalSection(SolutionProperties) = preSolution
		HideSolutionNode = FALSE
	EndGlobalSection
	GlobalSection(ExtensibilityGlobals) = postSolution
		SolutionGuid = {4DEE370A-52F3-46C4-BC02-48882CE4D16B}
	EndGlobalSection
EndGlobal
